// !$*UTF8*$!
{
	archiveVersion = 1;
	classes = {
	};
	objectVersion = 56;
	objects = {

/* Begin PBXBuildFile section */
		1D02EA122CBDBC3800F0D5B1 /* BogaViewController.swift in Sources */ = {isa = PBXBuildFile; fileRef = 1D02EA112CBDBC3800F0D5B1 /* BogaViewController.swift */; };
		1D02EA142CBDBC4900F0D5B1 /* Storyboarded.swift in Sources */ = {isa = PBXBuildFile; fileRef = 1D02EA132CBDBC4900F0D5B1 /* Storyboarded.swift */; };
		1D02EA162CBDBCEA00F0D5B1 /* Colors.xcassets in Resources */ = {isa = PBXBuildFile; fileRef = 1D02EA152CBDBCEA00F0D5B1 /* Colors.xcassets */; };
		1D02EA1E2CBDBEC100F0D5B1 /* BogaTextField.swift in Sources */ = {isa = PBXBuildFile; fileRef = 1D02EA1D2CBDBEC100F0D5B1 /* BogaTextField.swift */; };
		1D02EA202CBDBF1000F0D5B1 /* UITextField+Extensions.swift in Sources */ = {isa = PBXBuildFile; fileRef = 1D02EA1F2CBDBF1000F0D5B1 /* UITextField+Extensions.swift */; };
		1D02EA222CBDBF2D00F0D5B1 /* UIColor+Extensions.swift in Sources */ = {isa = PBXBuildFile; fileRef = 1D02EA212CBDBF2D00F0D5B1 /* UIColor+Extensions.swift */; };
		1D02EA242CBDBF4400F0D5B1 /* Constants.swift in Sources */ = {isa = PBXBuildFile; fileRef = 1D02EA232CBDBF4400F0D5B1 /* Constants.swift */; };
		1D02EA262CBDBF7A00F0D5B1 /* BogaButton.swift in Sources */ = {isa = PBXBuildFile; fileRef = 1D02EA252CBDBF7A00F0D5B1 /* BogaButton.swift */; };
		1D02EA282CBDBF9700F0D5B1 /* BogaView.swift in Sources */ = {isa = PBXBuildFile; fileRef = 1D02EA272CBDBF9700F0D5B1 /* BogaView.swift */; };
		1D02EA2A2CBDBFB600F0D5B1 /* BogaImageView.swift in Sources */ = {isa = PBXBuildFile; fileRef = 1D02EA292CBDBFB600F0D5B1 /* BogaImageView.swift */; };
		1D02EA2C2CBDBFE100F0D5B1 /* UIView+Extensions.swift in Sources */ = {isa = PBXBuildFile; fileRef = 1D02EA2B2CBDBFE100F0D5B1 /* UIView+Extensions.swift */; };
		1D02EA2F2CBDC02900F0D5B1 /* LoginScreenViewController.swift in Sources */ = {isa = PBXBuildFile; fileRef = 1D02EA2E2CBDC02900F0D5B1 /* LoginScreenViewController.swift */; };
		1D02EA312CBDC03400F0D5B1 /* LoginScreen.storyboard in Resources */ = {isa = PBXBuildFile; fileRef = 1D02EA302CBDC03400F0D5B1 /* LoginScreen.storyboard */; };
		1D037A822CBDAB88008028B1 /* AppDelegate.swift in Sources */ = {isa = PBXBuildFile; fileRef = 1D037A812CBDAB88008028B1 /* AppDelegate.swift */; };
		1D037A8B2CBDAB8A008028B1 /* Assets.xcassets in Resources */ = {isa = PBXBuildFile; fileRef = 1D037A8A2CBDAB8A008028B1 /* Assets.xcassets */; };
		1D037A8E2CBDAB8A008028B1 /* Base in Resources */ = {isa = PBXBuildFile; fileRef = 1D037A8D2CBDAB8A008028B1 /* Base */; };
		1D13200A2CC18AAA00857AF9 /* UISearchBar+Extensions.swift in Sources */ = {isa = PBXBuildFile; fileRef = 1D1320092CC18AAA00857AF9 /* UISearchBar+Extensions.swift */; };
		1D13200C2CC18AE800857AF9 /* UICollectionView+Extensions.swift in Sources */ = {isa = PBXBuildFile; fileRef = 1D13200B2CC18AE800857AF9 /* UICollectionView+Extensions.swift */; };
		1D13200E2CC18B2C00857AF9 /* HomeModel.swift in Sources */ = {isa = PBXBuildFile; fileRef = 1D13200D2CC18B2C00857AF9 /* HomeModel.swift */; };
		1D1320132CC18C9E00857AF9 /* ProductCollectionViewCell.xib in Resources */ = {isa = PBXBuildFile; fileRef = 1D1320122CC18C9E00857AF9 /* ProductCollectionViewCell.xib */; };
		1D1320142CC18C9E00857AF9 /* ProductCollectionViewCell.swift in Sources */ = {isa = PBXBuildFile; fileRef = 1D1320112CC18C9E00857AF9 /* ProductCollectionViewCell.swift */; };
		1D1320172CC18CB700857AF9 /* ShopCollectionViewCell.xib in Resources */ = {isa = PBXBuildFile; fileRef = 1D1320162CC18CB700857AF9 /* ShopCollectionViewCell.xib */; };
		1D1320182CC18CB700857AF9 /* ShopCollectionViewCell.swift in Sources */ = {isa = PBXBuildFile; fileRef = 1D1320152CC18CB700857AF9 /* ShopCollectionViewCell.swift */; };
		1D3422E22CC0376400AAEF1A /* MapScreenViewController.swift in Sources */ = {isa = PBXBuildFile; fileRef = 1D3422E12CC0376400AAEF1A /* MapScreenViewController.swift */; };
		1D3422E42CC0377000AAEF1A /* FavouriteScreenViewController.swift in Sources */ = {isa = PBXBuildFile; fileRef = 1D3422E32CC0377000AAEF1A /* FavouriteScreenViewController.swift */; };
		1D3422E62CC0377A00AAEF1A /* ProfileScreenViewController.swift in Sources */ = {isa = PBXBuildFile; fileRef = 1D3422E52CC0377A00AAEF1A /* ProfileScreenViewController.swift */; };
		1D3422E82CC038BC00AAEF1A /* BogaTabBarViewController.swift in Sources */ = {isa = PBXBuildFile; fileRef = 1D3422E72CC038BC00AAEF1A /* BogaTabBarViewController.swift */; };
		1DA881A22CBEE62F00415FD1 /* ValidationService.swift in Sources */ = {isa = PBXBuildFile; fileRef = 1DA881A12CBEE62F00415FD1 /* ValidationService.swift */; };
		1DA881A42CBEEDAE00415FD1 /* LoginScreenProtocols.swift in Sources */ = {isa = PBXBuildFile; fileRef = 1DA881A32CBEEDAE00415FD1 /* LoginScreenProtocols.swift */; };
		1DA881A62CBEEDE900415FD1 /* LoginModel.swift in Sources */ = {isa = PBXBuildFile; fileRef = 1DA881A52CBEEDE900415FD1 /* LoginModel.swift */; };
		1DA881A92CBEF78200415FD1 /* HomeScreenViewController.swift in Sources */ = {isa = PBXBuildFile; fileRef = 1DA881A82CBEF78200415FD1 /* HomeScreenViewController.swift */; };
		1DA881AB2CBEF7A800415FD1 /* MainScreen.storyboard in Resources */ = {isa = PBXBuildFile; fileRef = 1DA881AA2CBEF7A800415FD1 /* MainScreen.storyboard */; };
/* End PBXBuildFile section */

/* Begin PBXFileReference section */
		1D02EA112CBDBC3800F0D5B1 /* BogaViewController.swift */ = {isa = PBXFileReference; lastKnownFileType = sourcecode.swift; path = BogaViewController.swift; sourceTree = "<group>"; };
		1D02EA132CBDBC4900F0D5B1 /* Storyboarded.swift */ = {isa = PBXFileReference; lastKnownFileType = sourcecode.swift; path = Storyboarded.swift; sourceTree = "<group>"; };
		1D02EA152CBDBCEA00F0D5B1 /* Colors.xcassets */ = {isa = PBXFileReference; lastKnownFileType = folder.assetcatalog; path = Colors.xcassets; sourceTree = "<group>"; };
		1D02EA1D2CBDBEC100F0D5B1 /* BogaTextField.swift */ = {isa = PBXFileReference; lastKnownFileType = sourcecode.swift; path = BogaTextField.swift; sourceTree = "<group>"; };
		1D02EA1F2CBDBF1000F0D5B1 /* UITextField+Extensions.swift */ = {isa = PBXFileReference; lastKnownFileType = sourcecode.swift; path = "UITextField+Extensions.swift"; sourceTree = "<group>"; };
		1D02EA212CBDBF2D00F0D5B1 /* UIColor+Extensions.swift */ = {isa = PBXFileReference; lastKnownFileType = sourcecode.swift; path = "UIColor+Extensions.swift"; sourceTree = "<group>"; };
		1D02EA232CBDBF4400F0D5B1 /* Constants.swift */ = {isa = PBXFileReference; lastKnownFileType = sourcecode.swift; path = Constants.swift; sourceTree = "<group>"; };
		1D02EA252CBDBF7A00F0D5B1 /* BogaButton.swift */ = {isa = PBXFileReference; lastKnownFileType = sourcecode.swift; path = BogaButton.swift; sourceTree = "<group>"; };
		1D02EA272CBDBF9700F0D5B1 /* BogaView.swift */ = {isa = PBXFileReference; lastKnownFileType = sourcecode.swift; path = BogaView.swift; sourceTree = "<group>"; };
		1D02EA292CBDBFB600F0D5B1 /* BogaImageView.swift */ = {isa = PBXFileReference; lastKnownFileType = sourcecode.swift; path = BogaImageView.swift; sourceTree = "<group>"; };
		1D02EA2B2CBDBFE100F0D5B1 /* UIView+Extensions.swift */ = {isa = PBXFileReference; lastKnownFileType = sourcecode.swift; path = "UIView+Extensions.swift"; sourceTree = "<group>"; };
		1D02EA2E2CBDC02900F0D5B1 /* LoginScreenViewController.swift */ = {isa = PBXFileReference; lastKnownFileType = sourcecode.swift; path = LoginScreenViewController.swift; sourceTree = "<group>"; };
		1D02EA302CBDC03400F0D5B1 /* LoginScreen.storyboard */ = {isa = PBXFileReference; lastKnownFileType = file.storyboard; path = LoginScreen.storyboard; sourceTree = "<group>"; };
		1D037A7E2CBDAB88008028B1 /* Boga.app */ = {isa = PBXFileReference; explicitFileType = wrapper.application; includeInIndex = 0; path = Boga.app; sourceTree = BUILT_PRODUCTS_DIR; };
		1D037A812CBDAB88008028B1 /* AppDelegate.swift */ = {isa = PBXFileReference; lastKnownFileType = sourcecode.swift; path = AppDelegate.swift; sourceTree = "<group>"; };
		1D037A8A2CBDAB8A008028B1 /* Assets.xcassets */ = {isa = PBXFileReference; lastKnownFileType = folder.assetcatalog; path = Assets.xcassets; sourceTree = "<group>"; };
		1D037A8D2CBDAB8A008028B1 /* Base */ = {isa = PBXFileReference; lastKnownFileType = file.storyboard; name = Base; path = Base.lproj/LaunchScreen.storyboard; sourceTree = "<group>"; };
		1D037A8F2CBDAB8A008028B1 /* Info.plist */ = {isa = PBXFileReference; lastKnownFileType = text.plist.xml; path = Info.plist; sourceTree = "<group>"; };
		1D1320092CC18AAA00857AF9 /* UISearchBar+Extensions.swift */ = {isa = PBXFileReference; lastKnownFileType = sourcecode.swift; path = "UISearchBar+Extensions.swift"; sourceTree = "<group>"; };
		1D13200B2CC18AE800857AF9 /* UICollectionView+Extensions.swift */ = {isa = PBXFileReference; lastKnownFileType = sourcecode.swift; path = "UICollectionView+Extensions.swift"; sourceTree = "<group>"; };
		1D13200D2CC18B2C00857AF9 /* HomeModel.swift */ = {isa = PBXFileReference; lastKnownFileType = sourcecode.swift; path = HomeModel.swift; sourceTree = "<group>"; };
		1D1320112CC18C9E00857AF9 /* ProductCollectionViewCell.swift */ = {isa = PBXFileReference; lastKnownFileType = sourcecode.swift; path = ProductCollectionViewCell.swift; sourceTree = "<group>"; };
		1D1320122CC18C9E00857AF9 /* ProductCollectionViewCell.xib */ = {isa = PBXFileReference; lastKnownFileType = file.xib; path = ProductCollectionViewCell.xib; sourceTree = "<group>"; };
		1D1320152CC18CB700857AF9 /* ShopCollectionViewCell.swift */ = {isa = PBXFileReference; lastKnownFileType = sourcecode.swift; path = ShopCollectionViewCell.swift; sourceTree = "<group>"; };
		1D1320162CC18CB700857AF9 /* ShopCollectionViewCell.xib */ = {isa = PBXFileReference; lastKnownFileType = file.xib; path = ShopCollectionViewCell.xib; sourceTree = "<group>"; };
		1D3422E12CC0376400AAEF1A /* MapScreenViewController.swift */ = {isa = PBXFileReference; lastKnownFileType = sourcecode.swift; path = MapScreenViewController.swift; sourceTree = "<group>"; };
		1D3422E32CC0377000AAEF1A /* FavouriteScreenViewController.swift */ = {isa = PBXFileReference; lastKnownFileType = sourcecode.swift; path = FavouriteScreenViewController.swift; sourceTree = "<group>"; };
		1D3422E52CC0377A00AAEF1A /* ProfileScreenViewController.swift */ = {isa = PBXFileReference; lastKnownFileType = sourcecode.swift; path = ProfileScreenViewController.swift; sourceTree = "<group>"; };
		1D3422E72CC038BC00AAEF1A /* BogaTabBarViewController.swift */ = {isa = PBXFileReference; lastKnownFileType = sourcecode.swift; path = BogaTabBarViewController.swift; sourceTree = "<group>"; };
		1DA881A12CBEE62F00415FD1 /* ValidationService.swift */ = {isa = PBXFileReference; lastKnownFileType = sourcecode.swift; path = ValidationService.swift; sourceTree = "<group>"; };
		1DA881A32CBEEDAE00415FD1 /* LoginScreenProtocols.swift */ = {isa = PBXFileReference; lastKnownFileType = sourcecode.swift; path = LoginScreenProtocols.swift; sourceTree = "<group>"; };
		1DA881A52CBEEDE900415FD1 /* LoginModel.swift */ = {isa = PBXFileReference; lastKnownFileType = sourcecode.swift; path = LoginModel.swift; sourceTree = "<group>"; };
		1DA881A82CBEF78200415FD1 /* HomeScreenViewController.swift */ = {isa = PBXFileReference; lastKnownFileType = sourcecode.swift; path = HomeScreenViewController.swift; sourceTree = "<group>"; };
		1DA881AA2CBEF7A800415FD1 /* MainScreen.storyboard */ = {isa = PBXFileReference; lastKnownFileType = file.storyboard; path = MainScreen.storyboard; sourceTree = "<group>"; };
/* End PBXFileReference section */

/* Begin PBXFrameworksBuildPhase section */
		1D037A7B2CBDAB88008028B1 /* Frameworks */ = {
			isa = PBXFrameworksBuildPhase;
			buildActionMask = 2147483647;
			files = (
			);
			runOnlyForDeploymentPostprocessing = 0;
		};
/* End PBXFrameworksBuildPhase section */

/* Begin PBXGroup section */
		1D02EA182CBDBDFC00F0D5B1 /* Validation */ = {
			isa = PBXGroup;
			children = (
				1DA881A12CBEE62F00415FD1 /* ValidationService.swift */,
			);
			path = Validation;
			sourceTree = "<group>";
		};
		1D02EA192CBDBDFF00F0D5B1 /* Extensions */ = {
			isa = PBXGroup;
			children = (
				1D02EA1F2CBDBF1000F0D5B1 /* UITextField+Extensions.swift */,
				1D02EA212CBDBF2D00F0D5B1 /* UIColor+Extensions.swift */,
				1D02EA2B2CBDBFE100F0D5B1 /* UIView+Extensions.swift */,
				1D1320092CC18AAA00857AF9 /* UISearchBar+Extensions.swift */,
				1D13200B2CC18AE800857AF9 /* UICollectionView+Extensions.swift */,
			);
			path = Extensions;
			sourceTree = "<group>";
		};
		1D02EA1A2CBDBE0200F0D5B1 /* BogaUIComponents */ = {
			isa = PBXGroup;
			children = (
				1D02EA1D2CBDBEC100F0D5B1 /* BogaTextField.swift */,
				1D02EA252CBDBF7A00F0D5B1 /* BogaButton.swift */,
				1D02EA272CBDBF9700F0D5B1 /* BogaView.swift */,
				1D02EA292CBDBFB600F0D5B1 /* BogaImageView.swift */,
			);
			path = BogaUIComponents;
			sourceTree = "<group>";
		};
		1D02EA1B2CBDBE4900F0D5B1 /* CollectionViewCells */ = {
			isa = PBXGroup;
			children = (
				1D13200F2CC18C6100857AF9 /* ProductCollectionViewCell */,
				1D1320102CC18C7900857AF9 /* ShopCollectionViewCell */,
			);
			path = CollectionViewCells;
			sourceTree = "<group>";
		};
		1D02EA1C2CBDBE4D00F0D5B1 /* TableViewCells */ = {
			isa = PBXGroup;
			children = (
			);
			path = TableViewCells;
			sourceTree = "<group>";
		};
		1D02EA2D2CBDC01900F0D5B1 /* LoginScreenModule */ = {
			isa = PBXGroup;
			children = (
				1D02EA2E2CBDC02900F0D5B1 /* LoginScreenViewController.swift */,
				1DA881A32CBEEDAE00415FD1 /* LoginScreenProtocols.swift */,
				1D02EA302CBDC03400F0D5B1 /* LoginScreen.storyboard */,
			);
			path = LoginScreenModule;
			sourceTree = "<group>";
		};
		1D037A752CBDAB88008028B1 = {
			isa = PBXGroup;
			children = (
				1D037A802CBDAB88008028B1 /* Boga */,
				1D037A7F2CBDAB88008028B1 /* Products */,
			);
			sourceTree = "<group>";
		};
		1D037A7F2CBDAB88008028B1 /* Products */ = {
			isa = PBXGroup;
			children = (
				1D037A7E2CBDAB88008028B1 /* Boga.app */,
			);
			name = Products;
			sourceTree = "<group>";
		};
		1D037A802CBDAB88008028B1 /* Boga */ = {
			isa = PBXGroup;
			children = (
				1D037A992CBDBA89008028B1 /* Application */,
				1D037A982CBDBA84008028B1 /* Helpers */,
				1D037A972CBDBA82008028B1 /* Models */,
				1D037A952CBDBA7A008028B1 /* Modules */,
				1D037A962CBDBA7D008028B1 /* UIComponents */,
				1D037A9A2CBDBAE4008028B1 /* Resources */,
				1D037A9B2CBDBB03008028B1 /* SupportingFiles */,
			);
			path = Boga;
			sourceTree = "<group>";
		};
		1D037A952CBDBA7A008028B1 /* Modules */ = {
			isa = PBXGroup;
			children = (
				1DA881AA2CBEF7A800415FD1 /* MainScreen.storyboard */,
				1D02EA2D2CBDC01900F0D5B1 /* LoginScreenModule */,
				1DA881A72CBEF76000415FD1 /* HomeScreenModule */,
				1D3422DE2CC0372300AAEF1A /* MapScreenModule */,
				1D3422DF2CC0372F00AAEF1A /* FavouriteScreenModule */,
				1D3422E02CC0373A00AAEF1A /* ProfileScreenModule */,
			);
			path = Modules;
			sourceTree = "<group>";
		};
		1D037A962CBDBA7D008028B1 /* UIComponents */ = {
			isa = PBXGroup;
			children = (
				1D02EA1C2CBDBE4D00F0D5B1 /* TableViewCells */,
				1D02EA1B2CBDBE4900F0D5B1 /* CollectionViewCells */,
			);
			path = UIComponents;
			sourceTree = "<group>";
		};
		1D037A972CBDBA82008028B1 /* Models */ = {
			isa = PBXGroup;
			children = (
				1DA881A52CBEEDE900415FD1 /* LoginModel.swift */,
				1D13200D2CC18B2C00857AF9 /* HomeModel.swift */,
			);
			path = Models;
			sourceTree = "<group>";
		};
		1D037A982CBDBA84008028B1 /* Helpers */ = {
			isa = PBXGroup;
			children = (
				1D02EA112CBDBC3800F0D5B1 /* BogaViewController.swift */,
				1D3422E72CC038BC00AAEF1A /* BogaTabBarViewController.swift */,
				1D02EA132CBDBC4900F0D5B1 /* Storyboarded.swift */,
				1D02EA1A2CBDBE0200F0D5B1 /* BogaUIComponents */,
				1D02EA192CBDBDFF00F0D5B1 /* Extensions */,
				1D02EA232CBDBF4400F0D5B1 /* Constants.swift */,
				1D02EA182CBDBDFC00F0D5B1 /* Validation */,
			);
			path = Helpers;
			sourceTree = "<group>";
		};
		1D037A992CBDBA89008028B1 /* Application */ = {
			isa = PBXGroup;
			children = (
				1D037A812CBDAB88008028B1 /* AppDelegate.swift */,
			);
			path = Application;
			sourceTree = "<group>";
		};
		1D037A9A2CBDBAE4008028B1 /* Resources */ = {
			isa = PBXGroup;
			children = (
				1D037A8A2CBDAB8A008028B1 /* Assets.xcassets */,
				1D02EA152CBDBCEA00F0D5B1 /* Colors.xcassets */,
			);
			path = Resources;
			sourceTree = "<group>";
		};
		1D037A9B2CBDBB03008028B1 /* SupportingFiles */ = {
			isa = PBXGroup;
			children = (
				1D037A8C2CBDAB8A008028B1 /* LaunchScreen.storyboard */,
				1D037A8F2CBDAB8A008028B1 /* Info.plist */,
			);
			path = SupportingFiles;
			sourceTree = "<group>";
		};
		1D13200F2CC18C6100857AF9 /* ProductCollectionViewCell */ = {
			isa = PBXGroup;
			children = (
				1D1320112CC18C9E00857AF9 /* ProductCollectionViewCell.swift */,
				1D1320122CC18C9E00857AF9 /* ProductCollectionViewCell.xib */,
			);
			path = ProductCollectionViewCell;
			sourceTree = "<group>";
		};
		1D1320102CC18C7900857AF9 /* ShopCollectionViewCell */ = {
			isa = PBXGroup;
			children = (
				1D1320152CC18CB700857AF9 /* ShopCollectionViewCell.swift */,
				1D1320162CC18CB700857AF9 /* ShopCollectionViewCell.xib */,
			);
			path = ShopCollectionViewCell;
			sourceTree = "<group>";
		};
		1D3422DE2CC0372300AAEF1A /* MapScreenModule */ = {
			isa = PBXGroup;
			children = (
				1D3422E12CC0376400AAEF1A /* MapScreenViewController.swift */,
			);
			path = MapScreenModule;
			sourceTree = "<group>";
		};
		1D3422DF2CC0372F00AAEF1A /* FavouriteScreenModule */ = {
			isa = PBXGroup;
			children = (
				1D3422E32CC0377000AAEF1A /* FavouriteScreenViewController.swift */,
			);
			path = FavouriteScreenModule;
			sourceTree = "<group>";
		};
		1D3422E02CC0373A00AAEF1A /* ProfileScreenModule */ = {
			isa = PBXGroup;
			children = (
				1D3422E52CC0377A00AAEF1A /* ProfileScreenViewController.swift */,
			);
			path = ProfileScreenModule;
			sourceTree = "<group>";
		};
		1DA881A72CBEF76000415FD1 /* HomeScreenModule */ = {
			isa = PBXGroup;
			children = (
				1DA881A82CBEF78200415FD1 /* HomeScreenViewController.swift */,
			);
			path = HomeScreenModule;
			sourceTree = "<group>";
		};
/* End PBXGroup section */

/* Begin PBXNativeTarget section */
		1D037A7D2CBDAB88008028B1 /* Boga */ = {
			isa = PBXNativeTarget;
			buildConfigurationList = 1D037A922CBDAB8A008028B1 /* Build configuration list for PBXNativeTarget "Boga" */;
			buildPhases = (
				1D037A7A2CBDAB88008028B1 /* Sources */,
				1D037A7B2CBDAB88008028B1 /* Frameworks */,
				1D037A7C2CBDAB88008028B1 /* Resources */,
			);
			buildRules = (
			);
			dependencies = (
			);
			name = Boga;
			productName = Boga;
			productReference = 1D037A7E2CBDAB88008028B1 /* Boga.app */;
			productType = "com.apple.product-type.application";
		};
/* End PBXNativeTarget section */

/* Begin PBXProject section */
		1D037A762CBDAB88008028B1 /* Project object */ = {
			isa = PBXProject;
			attributes = {
				BuildIndependentTargetsInParallel = 1;
				LastSwiftUpdateCheck = 1540;
				LastUpgradeCheck = 1540;
				TargetAttributes = {
					1D037A7D2CBDAB88008028B1 = {
						CreatedOnToolsVersion = 15.4;
					};
				};
			};
			buildConfigurationList = 1D037A792CBDAB88008028B1 /* Build configuration list for PBXProject "Boga" */;
			compatibilityVersion = "Xcode 14.0";
			developmentRegion = en;
			hasScannedForEncodings = 0;
			knownRegions = (
				en,
				Base,
			);
			mainGroup = 1D037A752CBDAB88008028B1;
			productRefGroup = 1D037A7F2CBDAB88008028B1 /* Products */;
			projectDirPath = "";
			projectRoot = "";
			targets = (
				1D037A7D2CBDAB88008028B1 /* Boga */,
			);
		};
/* End PBXProject section */

/* Begin PBXResourcesBuildPhase section */
		1D037A7C2CBDAB88008028B1 /* Resources */ = {
			isa = PBXResourcesBuildPhase;
			buildActionMask = 2147483647;
			files = (
				1D02EA162CBDBCEA00F0D5B1 /* Colors.xcassets in Resources */,
				1DA881AB2CBEF7A800415FD1 /* MainScreen.storyboard in Resources */,
				1D1320172CC18CB700857AF9 /* ShopCollectionViewCell.xib in Resources */,
				1D1320132CC18C9E00857AF9 /* ProductCollectionViewCell.xib in Resources */,
				1D037A8B2CBDAB8A008028B1 /* Assets.xcassets in Resources */,
				1D02EA312CBDC03400F0D5B1 /* LoginScreen.storyboard in Resources */,
				1D037A8E2CBDAB8A008028B1 /* Base in Resources */,
			);
			runOnlyForDeploymentPostprocessing = 0;
		};
/* End PBXResourcesBuildPhase section */

/* Begin PBXSourcesBuildPhase section */
		1D037A7A2CBDAB88008028B1 /* Sources */ = {
			isa = PBXSourcesBuildPhase;
			buildActionMask = 2147483647;
			files = (
				1D3422E62CC0377A00AAEF1A /* ProfileScreenViewController.swift in Sources */,
				1D02EA262CBDBF7A00F0D5B1 /* BogaButton.swift in Sources */,
				1D1320182CC18CB700857AF9 /* ShopCollectionViewCell.swift in Sources */,
				1DA881A92CBEF78200415FD1 /* HomeScreenViewController.swift in Sources */,
				1D13200A2CC18AAA00857AF9 /* UISearchBar+Extensions.swift in Sources */,
				1D13200C2CC18AE800857AF9 /* UICollectionView+Extensions.swift in Sources */,
				1D3422E42CC0377000AAEF1A /* FavouriteScreenViewController.swift in Sources */,
				1D02EA1E2CBDBEC100F0D5B1 /* BogaTextField.swift in Sources */,
				1D02EA2F2CBDC02900F0D5B1 /* LoginScreenViewController.swift in Sources */,
				1DA881A42CBEEDAE00415FD1 /* LoginScreenProtocols.swift in Sources */,
				1D02EA222CBDBF2D00F0D5B1 /* UIColor+Extensions.swift in Sources */,
				1D1320142CC18C9E00857AF9 /* ProductCollectionViewCell.swift in Sources */,
				1D3422E22CC0376400AAEF1A /* MapScreenViewController.swift in Sources */,
				1D3422E82CC038BC00AAEF1A /* BogaTabBarViewController.swift in Sources */,
				1D037A822CBDAB88008028B1 /* AppDelegate.swift in Sources */,
				1D02EA122CBDBC3800F0D5B1 /* BogaViewController.swift in Sources */,
				1D02EA282CBDBF9700F0D5B1 /* BogaView.swift in Sources */,
				1DA881A62CBEEDE900415FD1 /* LoginModel.swift in Sources */,
				1D02EA242CBDBF4400F0D5B1 /* Constants.swift in Sources */,
				1D02EA202CBDBF1000F0D5B1 /* UITextField+Extensions.swift in Sources */,
				1D02EA142CBDBC4900F0D5B1 /* Storyboarded.swift in Sources */,
				1DA881A22CBEE62F00415FD1 /* ValidationService.swift in Sources */,
				1D02EA2A2CBDBFB600F0D5B1 /* BogaImageView.swift in Sources */,
				1D02EA2C2CBDBFE100F0D5B1 /* UIView+Extensions.swift in Sources */,
				1D13200E2CC18B2C00857AF9 /* HomeModel.swift in Sources */,
			);
			runOnlyForDeploymentPostprocessing = 0;
		};
/* End PBXSourcesBuildPhase section */

/* Begin PBXVariantGroup section */
		1D037A8C2CBDAB8A008028B1 /* LaunchScreen.storyboard */ = {
			isa = PBXVariantGroup;
			children = (
				1D037A8D2CBDAB8A008028B1 /* Base */,
			);
			name = LaunchScreen.storyboard;
			sourceTree = "<group>";
		};
/* End PBXVariantGroup section */

/* Begin XCBuildConfiguration section */
		1D037A902CBDAB8A008028B1 /* Debug */ = {
			isa = XCBuildConfiguration;
			buildSettings = {
				ALWAYS_SEARCH_USER_PATHS = NO;
				ASSETCATALOG_COMPILER_GENERATE_SWIFT_ASSET_SYMBOL_EXTENSIONS = YES;
				CLANG_ANALYZER_NONNULL = YES;
				CLANG_ANALYZER_NUMBER_OBJECT_CONVERSION = YES_AGGRESSIVE;
				CLANG_CXX_LANGUAGE_STANDARD = "gnu++20";
				CLANG_ENABLE_MODULES = YES;
				CLANG_ENABLE_OBJC_ARC = YES;
				CLANG_ENABLE_OBJC_WEAK = YES;
				CLANG_WARN_BLOCK_CAPTURE_AUTORELEASING = YES;
				CLANG_WARN_BOOL_CONVERSION = YES;
				CLANG_WARN_COMMA = YES;
				CLANG_WARN_CONSTANT_CONVERSION = YES;
				CLANG_WARN_DEPRECATED_OBJC_IMPLEMENTATIONS = YES;
				CLANG_WARN_DIRECT_OBJC_ISA_USAGE = YES_ERROR;
				CLANG_WARN_DOCUMENTATION_COMMENTS = YES;
				CLANG_WARN_EMPTY_BODY = YES;
				CLANG_WARN_ENUM_CONVERSION = YES;
				CLANG_WARN_INFINITE_RECURSION = YES;
				CLANG_WARN_INT_CONVERSION = YES;
				CLANG_WARN_NON_LITERAL_NULL_CONVERSION = YES;
				CLANG_WARN_OBJC_IMPLICIT_RETAIN_SELF = YES;
				CLANG_WARN_OBJC_LITERAL_CONVERSION = YES;
				CLANG_WARN_OBJC_ROOT_CLASS = YES_ERROR;
				CLANG_WARN_QUOTED_INCLUDE_IN_FRAMEWORK_HEADER = YES;
				CLANG_WARN_RANGE_LOOP_ANALYSIS = YES;
				CLANG_WARN_STRICT_PROTOTYPES = YES;
				CLANG_WARN_SUSPICIOUS_MOVE = YES;
				CLANG_WARN_UNGUARDED_AVAILABILITY = YES_AGGRESSIVE;
				CLANG_WARN_UNREACHABLE_CODE = YES;
				CLANG_WARN__DUPLICATE_METHOD_MATCH = YES;
				COPY_PHASE_STRIP = NO;
				DEBUG_INFORMATION_FORMAT = dwarf;
				ENABLE_STRICT_OBJC_MSGSEND = YES;
				ENABLE_TESTABILITY = YES;
				ENABLE_USER_SCRIPT_SANDBOXING = YES;
				GCC_C_LANGUAGE_STANDARD = gnu17;
				GCC_DYNAMIC_NO_PIC = NO;
				GCC_NO_COMMON_BLOCKS = YES;
				GCC_OPTIMIZATION_LEVEL = 0;
				GCC_PREPROCESSOR_DEFINITIONS = (
					"DEBUG=1",
					"$(inherited)",
				);
				GCC_WARN_64_TO_32_BIT_CONVERSION = YES;
				GCC_WARN_ABOUT_RETURN_TYPE = YES_ERROR;
				GCC_WARN_UNDECLARED_SELECTOR = YES;
				GCC_WARN_UNINITIALIZED_AUTOS = YES_AGGRESSIVE;
				GCC_WARN_UNUSED_FUNCTION = YES;
				GCC_WARN_UNUSED_VARIABLE = YES;
				IPHONEOS_DEPLOYMENT_TARGET = 17.5;
				LOCALIZATION_PREFERS_STRING_CATALOGS = YES;
				MTL_ENABLE_DEBUG_INFO = INCLUDE_SOURCE;
				MTL_FAST_MATH = YES;
				ONLY_ACTIVE_ARCH = YES;
				SDKROOT = iphoneos;
				SWIFT_ACTIVE_COMPILATION_CONDITIONS = "DEBUG $(inherited)";
				SWIFT_OPTIMIZATION_LEVEL = "-Onone";
			};
			name = Debug;
		};
		1D037A912CBDAB8A008028B1 /* Release */ = {
			isa = XCBuildConfiguration;
			buildSettings = {
				ALWAYS_SEARCH_USER_PATHS = NO;
				ASSETCATALOG_COMPILER_GENERATE_SWIFT_ASSET_SYMBOL_EXTENSIONS = YES;
				CLANG_ANALYZER_NONNULL = YES;
				CLANG_ANALYZER_NUMBER_OBJECT_CONVERSION = YES_AGGRESSIVE;
				CLANG_CXX_LANGUAGE_STANDARD = "gnu++20";
				CLANG_ENABLE_MODULES = YES;
				CLANG_ENABLE_OBJC_ARC = YES;
				CLANG_ENABLE_OBJC_WEAK = YES;
				CLANG_WARN_BLOCK_CAPTURE_AUTORELEASING = YES;
				CLANG_WARN_BOOL_CONVERSION = YES;
				CLANG_WARN_COMMA = YES;
				CLANG_WARN_CONSTANT_CONVERSION = YES;
				CLANG_WARN_DEPRECATED_OBJC_IMPLEMENTATIONS = YES;
				CLANG_WARN_DIRECT_OBJC_ISA_USAGE = YES_ERROR;
				CLANG_WARN_DOCUMENTATION_COMMENTS = YES;
				CLANG_WARN_EMPTY_BODY = YES;
				CLANG_WARN_ENUM_CONVERSION = YES;
				CLANG_WARN_INFINITE_RECURSION = YES;
				CLANG_WARN_INT_CONVERSION = YES;
				CLANG_WARN_NON_LITERAL_NULL_CONVERSION = YES;
				CLANG_WARN_OBJC_IMPLICIT_RETAIN_SELF = YES;
				CLANG_WARN_OBJC_LITERAL_CONVERSION = YES;
				CLANG_WARN_OBJC_ROOT_CLASS = YES_ERROR;
				CLANG_WARN_QUOTED_INCLUDE_IN_FRAMEWORK_HEADER = YES;
				CLANG_WARN_RANGE_LOOP_ANALYSIS = YES;
				CLANG_WARN_STRICT_PROTOTYPES = YES;
				CLANG_WARN_SUSPICIOUS_MOVE = YES;
				CLANG_WARN_UNGUARDED_AVAILABILITY = YES_AGGRESSIVE;
				CLANG_WARN_UNREACHABLE_CODE = YES;
				CLANG_WARN__DUPLICATE_METHOD_MATCH = YES;
				COPY_PHASE_STRIP = NO;
				DEBUG_INFORMATION_FORMAT = "dwarf-with-dsym";
				ENABLE_NS_ASSERTIONS = NO;
				ENABLE_STRICT_OBJC_MSGSEND = YES;
				ENABLE_USER_SCRIPT_SANDBOXING = YES;
				GCC_C_LANGUAGE_STANDARD = gnu17;
				GCC_NO_COMMON_BLOCKS = YES;
				GCC_WARN_64_TO_32_BIT_CONVERSION = YES;
				GCC_WARN_ABOUT_RETURN_TYPE = YES_ERROR;
				GCC_WARN_UNDECLARED_SELECTOR = YES;
				GCC_WARN_UNINITIALIZED_AUTOS = YES_AGGRESSIVE;
				GCC_WARN_UNUSED_FUNCTION = YES;
				GCC_WARN_UNUSED_VARIABLE = YES;
				IPHONEOS_DEPLOYMENT_TARGET = 17.5;
				LOCALIZATION_PREFERS_STRING_CATALOGS = YES;
				MTL_ENABLE_DEBUG_INFO = NO;
				MTL_FAST_MATH = YES;
				SDKROOT = iphoneos;
				SWIFT_COMPILATION_MODE = wholemodule;
				VALIDATE_PRODUCT = YES;
			};
			name = Release;
		};
		1D037A932CBDAB8A008028B1 /* Debug */ = {
			isa = XCBuildConfiguration;
			buildSettings = {
				ASSETCATALOG_COMPILER_APPICON_NAME = AppIcon;
				ASSETCATALOG_COMPILER_GLOBAL_ACCENT_COLOR_NAME = AccentColor;
				CLANG_OPTIMIZATION_PROFILE_FILE = "$(SRCROOT)/OptimizationProfiles/$(PROJECT_NAME).profdata";
				CODE_SIGN_STYLE = Automatic;
				CURRENT_PROJECT_VERSION = 1;
				DEVELOPMENT_TEAM = S727C47Y77;
				GENERATE_INFOPLIST_FILE = YES;
				INFOPLIST_FILE = Boga/SupportingFiles/Info.plist;
				INFOPLIST_KEY_UIApplicationSupportsIndirectInputEvents = YES;
				INFOPLIST_KEY_UILaunchStoryboardName = LaunchScreen;
				INFOPLIST_KEY_UISupportedInterfaceOrientations_iPad = "UIInterfaceOrientationPortrait UIInterfaceOrientationPortraitUpsideDown UIInterfaceOrientationLandscapeLeft UIInterfaceOrientationLandscapeRight";
				INFOPLIST_KEY_UISupportedInterfaceOrientations_iPhone = "UIInterfaceOrientationPortrait UIInterfaceOrientationLandscapeLeft UIInterfaceOrientationLandscapeRight";
				LD_RUNPATH_SEARCH_PATHS = (
					"$(inherited)",
					"@executable_path/Frameworks",
				);
				MARKETING_VERSION = 1.0;
				PRODUCT_BUNDLE_IDENTIFIER = com.mycreationcollections.Boga;
				PRODUCT_NAME = "$(TARGET_NAME)";
				SWIFT_EMIT_LOC_STRINGS = YES;
				SWIFT_VERSION = 5.0;
				TARGETED_DEVICE_FAMILY = "1,2";
			};
			name = Debug;
		};
		1D037A942CBDAB8A008028B1 /* Release */ = {
			isa = XCBuildConfiguration;
			buildSettings = {
				ASSETCATALOG_COMPILER_APPICON_NAME = AppIcon;
				ASSETCATALOG_COMPILER_GLOBAL_ACCENT_COLOR_NAME = AccentColor;
				CLANG_OPTIMIZATION_PROFILE_FILE = "$(SRCROOT)/OptimizationProfiles/$(PROJECT_NAME).profdata";
				CODE_SIGN_STYLE = Automatic;
				CURRENT_PROJECT_VERSION = 1;
				DEVELOPMENT_TEAM = S727C47Y77;
				GENERATE_INFOPLIST_FILE = YES;
				INFOPLIST_FILE = Boga/SupportingFiles/Info.plist;
				INFOPLIST_KEY_UIApplicationSupportsIndirectInputEvents = YES;
				INFOPLIST_KEY_UILaunchStoryboardName = LaunchScreen;
				INFOPLIST_KEY_UISupportedInterfaceOrientations_iPad = "UIInterfaceOrientationPortrait UIInterfaceOrientationPortraitUpsideDown UIInterfaceOrientationLandscapeLeft UIInterfaceOrientationLandscapeRight";
				INFOPLIST_KEY_UISupportedInterfaceOrientations_iPhone = "UIInterfaceOrientationPortrait UIInterfaceOrientationLandscapeLeft UIInterfaceOrientationLandscapeRight";
				LD_RUNPATH_SEARCH_PATHS = (
					"$(inherited)",
					"@executable_path/Frameworks",
				);
				MARKETING_VERSION = 1.0;
				PRODUCT_BUNDLE_IDENTIFIER = com.mycreationcollections.Boga;
				PRODUCT_NAME = "$(TARGET_NAME)";
				SWIFT_EMIT_LOC_STRINGS = YES;
				SWIFT_VERSION = 5.0;
				TARGETED_DEVICE_FAMILY = "1,2";
			};
			name = Release;
		};
/* End XCBuildConfiguration section */

/* Begin XCConfigurationList section */
		1D037A792CBDAB88008028B1 /* Build configuration list for PBXProject "Boga" */ = {
			isa = XCConfigurationList;
			buildConfigurations = (
				1D037A902CBDAB8A008028B1 /* Debug */,
				1D037A912CBDAB8A008028B1 /* Release */,
			);
			defaultConfigurationIsVisible = 0;
			defaultConfigurationName = Release;
		};
		1D037A922CBDAB8A008028B1 /* Build configuration list for PBXNativeTarget "Boga" */ = {
			isa = XCConfigurationList;
			buildConfigurations = (
				1D037A932CBDAB8A008028B1 /* Debug */,
				1D037A942CBDAB8A008028B1 /* Release */,
			);
			defaultConfigurationIsVisible = 0;
			defaultConfigurationName = Release;
		};
/* End XCConfigurationList section */
	};
	rootObject = 1D037A762CBDAB88008028B1 /* Project object */;
}
